// !$*UTF8*$!
{
	archiveVersion = 1;
	classes = {
	};
	objectVersion = 55;
	objects = {

/* Begin PBXBuildFile section */
		E4D476D2283FBC7000F2229D /* SpaceX_DemoApp.swift in Sources */ = {isa = PBXBuildFile; fileRef = E4D476D1283FBC7000F2229D /* SpaceX_DemoApp.swift */; };
		E4D476D4283FBC7000F2229D /* ContentView.swift in Sources */ = {isa = PBXBuildFile; fileRef = E4D476D3283FBC7000F2229D /* ContentView.swift */; };
		E4D476D6283FBC7100F2229D /* Assets.xcassets in Resources */ = {isa = PBXBuildFile; fileRef = E4D476D5283FBC7100F2229D /* Assets.xcassets */; };
		E4D476D9283FBC7100F2229D /* Preview Assets.xcassets in Resources */ = {isa = PBXBuildFile; fileRef = E4D476D8283FBC7100F2229D /* Preview Assets.xcassets */; };
		E4D476E828411CF100F2229D /* LaunchView.swift in Sources */ = {isa = PBXBuildFile; fileRef = E4D476E728411CF100F2229D /* LaunchView.swift */; };
		E4D476EC28412AB900F2229D /* LaunchesModel.swift in Sources */ = {isa = PBXBuildFile; fileRef = E4D476EB28412AB900F2229D /* LaunchesModel.swift */; };
		E4D4770A2841781E00F2229D /* Service.swift in Sources */ = {isa = PBXBuildFile; fileRef = E4D477092841781E00F2229D /* Service.swift */; };
		E4D4770C2841934D00F2229D /* ImageViewModel.swift in Sources */ = {isa = PBXBuildFile; fileRef = E4D4770B2841934D00F2229D /* ImageViewModel.swift */; };
/* End PBXBuildFile section */

/* Begin PBXFileReference section */
		E4D476CE283FBC7000F2229D /* SpaceX-Demo.app */ = {isa = PBXFileReference; explicitFileType = wrapper.application; includeInIndex = 0; path = "SpaceX-Demo.app"; sourceTree = BUILT_PRODUCTS_DIR; };
		E4D476D1283FBC7000F2229D /* SpaceX_DemoApp.swift */ = {isa = PBXFileReference; lastKnownFileType = sourcecode.swift; path = SpaceX_DemoApp.swift; sourceTree = "<group>"; };
		E4D476D3283FBC7000F2229D /* ContentView.swift */ = {isa = PBXFileReference; lastKnownFileType = sourcecode.swift; path = ContentView.swift; sourceTree = "<group>"; };
		E4D476D5283FBC7100F2229D /* Assets.xcassets */ = {isa = PBXFileReference; lastKnownFileType = folder.assetcatalog; path = Assets.xcassets; sourceTree = "<group>"; };
		E4D476D8283FBC7100F2229D /* Preview Assets.xcassets */ = {isa = PBXFileReference; lastKnownFileType = folder.assetcatalog; path = "Preview Assets.xcassets"; sourceTree = "<group>"; };
		E4D476E728411CF100F2229D /* LaunchView.swift */ = {isa = PBXFileReference; lastKnownFileType = sourcecode.swift; path = LaunchView.swift; sourceTree = "<group>"; };
		E4D476EB28412AB900F2229D /* LaunchesModel.swift */ = {isa = PBXFileReference; lastKnownFileType = sourcecode.swift; path = LaunchesModel.swift; sourceTree = "<group>"; };
		E4D477092841781E00F2229D /* Service.swift */ = {isa = PBXFileReference; lastKnownFileType = sourcecode.swift; path = Service.swift; sourceTree = "<group>"; };
		E4D4770B2841934D00F2229D /* ImageViewModel.swift */ = {isa = PBXFileReference; lastKnownFileType = sourcecode.swift; path = ImageViewModel.swift; sourceTree = "<group>"; };
/* End PBXFileReference section */

/* Begin PBXFrameworksBuildPhase section */
		E4D476CB283FBC7000F2229D /* Frameworks */ = {
			isa = PBXFrameworksBuildPhase;
			buildActionMask = 2147483647;
			files = (
			);
			runOnlyForDeploymentPostprocessing = 0;
		};
/* End PBXFrameworksBuildPhase section */

/* Begin PBXGroup section */
		E4D476C5283FBC7000F2229D = {
			isa = PBXGroup;
			children = (
				E4D476D0283FBC7000F2229D /* SpaceX-Demo */,
				E4D476CF283FBC7000F2229D /* Products */,
			);
			sourceTree = "<group>";
		};
		E4D476CF283FBC7000F2229D /* Products */ = {
			isa = PBXGroup;
			children = (
				E4D476CE283FBC7000F2229D /* SpaceX-Demo.app */,
			);
			name = Products;
			sourceTree = "<group>";
		};
		E4D476D0283FBC7000F2229D /* SpaceX-Demo */ = {
			isa = PBXGroup;
			children = (
				E4D476E02840D17F00F2229D /* Core */,
				E4D476DF2840D17500F2229D /* Services */,
				E4D476D1283FBC7000F2229D /* SpaceX_DemoApp.swift */,
				E4D476D3283FBC7000F2229D /* ContentView.swift */,
				E4D476D5283FBC7100F2229D /* Assets.xcassets */,
				E4D476D7283FBC7100F2229D /* Preview Content */,
			);
			path = "SpaceX-Demo";
			sourceTree = "<group>";
		};
		E4D476D7283FBC7100F2229D /* Preview Content */ = {
			isa = PBXGroup;
			children = (
				E4D476D8283FBC7100F2229D /* Preview Assets.xcassets */,
			);
			path = "Preview Content";
			sourceTree = "<group>";
		};
		E4D476DF2840D17500F2229D /* Services */ = {
			isa = PBXGroup;
			children = (
				E4D476EB28412AB900F2229D /* LaunchesModel.swift */,
				E4D477092841781E00F2229D /* Service.swift */,
			);
			path = Services;
			sourceTree = "<group>";
		};
		E4D476E02840D17F00F2229D /* Core */ = {
			isa = PBXGroup;
			children = (
				E4D476E22840D23E00F2229D /* LaunchesDetail */,
				E4D476E12840D1A700F2229D /* Launches */,
			);
			path = Core;
			sourceTree = "<group>";
		};
		E4D476E12840D1A700F2229D /* Launches */ = {
			isa = PBXGroup;
			children = (
				E4D476E52840D2DD00F2229D /* Components */,
				E4D476E42840D28500F2229D /* View */,
			);
			path = Launches;
			sourceTree = "<group>";
		};
		E4D476E22840D23E00F2229D /* LaunchesDetail */ = {
			isa = PBXGroup;
			children = (
				E4D476E62840D2E700F2229D /* Components */,
				E4D476E32840D27F00F2229D /* View */,
			);
			path = LaunchesDetail;
			sourceTree = "<group>";
		};
		E4D476E32840D27F00F2229D /* View */ = {
			isa = PBXGroup;
			children = (
			);
			path = View;
			sourceTree = "<group>";
		};
		E4D476E42840D28500F2229D /* View */ = {
			isa = PBXGroup;
			children = (
				E4D476E728411CF100F2229D /* LaunchView.swift */,
			);
			path = View;
			sourceTree = "<group>";
		};
		E4D476E52840D2DD00F2229D /* Components */ = {
			isa = PBXGroup;
			children = (
				E4D4770B2841934D00F2229D /* ImageViewModel.swift */,
			);
			path = Components;
			sourceTree = "<group>";
		};
		E4D476E62840D2E700F2229D /* Components */ = {
			isa = PBXGroup;
			children = (
			);
			path = Components;
			sourceTree = "<group>";
		};
/* End PBXGroup section */

/* Begin PBXNativeTarget section */
		E4D476CD283FBC7000F2229D /* SpaceX-Demo */ = {
			isa = PBXNativeTarget;
			buildConfigurationList = E4D476DC283FBC7100F2229D /* Build configuration list for PBXNativeTarget "SpaceX-Demo" */;
			buildPhases = (
				E4D476CA283FBC7000F2229D /* Sources */,
				E4D476CB283FBC7000F2229D /* Frameworks */,
				E4D476CC283FBC7000F2229D /* Resources */,
			);
			buildRules = (
			);
			dependencies = (
			);
			name = "SpaceX-Demo";
			productName = "SpaceX-Demo";
			productReference = E4D476CE283FBC7000F2229D /* SpaceX-Demo.app */;
			productType = "com.apple.product-type.application";
		};
/* End PBXNativeTarget section */

/* Begin PBXProject section */
		E4D476C6283FBC7000F2229D /* Project object */ = {
			isa = PBXProject;
			attributes = {
				BuildIndependentTargetsInParallel = 1;
				LastSwiftUpdateCheck = 1300;
				LastUpgradeCheck = 1300;
				TargetAttributes = {
					E4D476CD283FBC7000F2229D = {
						CreatedOnToolsVersion = 13.0;
					};
				};
			};
			buildConfigurationList = E4D476C9283FBC7000F2229D /* Build configuration list for PBXProject "SpaceX-Demo" */;
			compatibilityVersion = "Xcode 13.0";
			developmentRegion = en;
			hasScannedForEncodings = 0;
			knownRegions = (
				en,
				Base,
			);
			mainGroup = E4D476C5283FBC7000F2229D;
			productRefGroup = E4D476CF283FBC7000F2229D /* Products */;
			projectDirPath = "";
			projectRoot = "";
			targets = (
				E4D476CD283FBC7000F2229D /* SpaceX-Demo */,
			);
		};
/* End PBXProject section */

/* Begin PBXResourcesBuildPhase section */
		E4D476CC283FBC7000F2229D /* Resources */ = {
			isa = PBXResourcesBuildPhase;
			buildActionMask = 2147483647;
			files = (
				E4D476D9283FBC7100F2229D /* Preview Assets.xcassets in Resources */,
				E4D476D6283FBC7100F2229D /* Assets.xcassets in Resources */,
			);
			runOnlyForDeploymentPostprocessing = 0;
		};
/* End PBXResourcesBuildPhase section */

/* Begin PBXSourcesBuildPhase section */
		E4D476CA283FBC7000F2229D /* Sources */ = {
			isa = PBXSourcesBuildPhase;
			buildActionMask = 2147483647;
			files = (
				E4D4770C2841934D00F2229D /* ImageViewModel.swift in Sources */,
				E4D476EC28412AB900F2229D /* LaunchesModel.swift in Sources */,
				E4D476D4283FBC7000F2229D /* ContentView.swift in Sources */,
				E4D476E828411CF100F2229D /* LaunchView.swift in Sources */,
				E4D476D2283FBC7000F2229D /* SpaceX_DemoApp.swift in Sources */,
				E4D4770A2841781E00F2229D /* Service.swift in Sources */,
			);
			runOnlyForDeploymentPostprocessing = 0;
		};
/* End PBXSourcesBuildPhase section */

/* Begin XCBuildConfiguration section */
		E4D476DA283FBC7100F2229D /* Debug */ = {
			isa = XCBuildConfiguration;
			buildSettings = {
				ALWAYS_SEARCH_USER_PATHS = NO;
				CLANG_ANALYZER_NONNULL = YES;
				CLANG_ANALYZER_NUMBER_OBJECT_CONVERSION = YES_AGGRESSIVE;
				CLANG_CXX_LANGUAGE_STANDARD = "gnu++17";
				CLANG_CXX_LIBRARY = "libc++";
				CLANG_ENABLE_MODULES = YES;
				CLANG_ENABLE_OBJC_ARC = YES;
				CLANG_ENABLE_OBJC_WEAK = YES;
				CLANG_WARN_BLOCK_CAPTURE_AUTORELEASING = YES;
				CLANG_WARN_BOOL_CONVERSION = YES;
				CLANG_WARN_COMMA = YES;
				CLANG_WARN_CONSTANT_CONVERSION = YES;
				CLANG_WARN_DEPRECATED_OBJC_IMPLEMENTATIONS = YES;
				CLANG_WARN_DIRECT_OBJC_ISA_USAGE = YES_ERROR;
				CLANG_WARN_DOCUMENTATION_COMMENTS = YES;
				CLANG_WARN_EMPTY_BODY = YES;
				CLANG_WARN_ENUM_CONVERSION = YES;
				CLANG_WARN_INFINITE_RECURSION = YES;
				CLANG_WARN_INT_CONVERSION = YES;
				CLANG_WARN_NON_LITERAL_NULL_CONVERSION = YES;
				CLANG_WARN_OBJC_IMPLICIT_RETAIN_SELF = YES;
				CLANG_WARN_OBJC_LITERAL_CONVERSION = YES;
				CLANG_WARN_OBJC_ROOT_CLASS = YES_ERROR;
				CLANG_WARN_QUOTED_INCLUDE_IN_FRAMEWORK_HEADER = YES;
				CLANG_WARN_RANGE_LOOP_ANALYSIS = YES;
				CLANG_WARN_STRICT_PROTOTYPES = YES;
				CLANG_WARN_SUSPICIOUS_MOVE = YES;
				CLANG_WARN_UNGUARDED_AVAILABILITY = YES_AGGRESSIVE;
				CLANG_WARN_UNREACHABLE_CODE = YES;
				CLANG_WARN__DUPLICATE_METHOD_MATCH = YES;
				COPY_PHASE_STRIP = NO;
				DEBUG_INFORMATION_FORMAT = dwarf;
				ENABLE_STRICT_OBJC_MSGSEND = YES;
				ENABLE_TESTABILITY = YES;
				GCC_C_LANGUAGE_STANDARD = gnu11;
				GCC_DYNAMIC_NO_PIC = NO;
				GCC_NO_COMMON_BLOCKS = YES;
				GCC_OPTIMIZATION_LEVEL = 0;
				GCC_PREPROCESSOR_DEFINITIONS = (
					"DEBUG=1",
					"$(inherited)",
				);
				GCC_WARN_64_TO_32_BIT_CONVERSION = YES;
				GCC_WARN_ABOUT_RETURN_TYPE = YES_ERROR;
				GCC_WARN_UNDECLARED_SELECTOR = YES;
				GCC_WARN_UNINITIALIZED_AUTOS = YES_AGGRESSIVE;
				GCC_WARN_UNUSED_FUNCTION = YES;
				GCC_WARN_UNUSED_VARIABLE = YES;
				IPHONEOS_DEPLOYMENT_TARGET = 15.0;
				MTL_ENABLE_DEBUG_INFO = INCLUDE_SOURCE;
				MTL_FAST_MATH = YES;
				ONLY_ACTIVE_ARCH = YES;
				SDKROOT = iphoneos;
				SWIFT_ACTIVE_COMPILATION_CONDITIONS = DEBUG;
				SWIFT_OPTIMIZATION_LEVEL = "-Onone";
			};
			name = Debug;
		};
		E4D476DB283FBC7100F2229D /* Release */ = {
			isa = XCBuildConfiguration;
			buildSettings = {
				ALWAYS_SEARCH_USER_PATHS = NO;
				CLANG_ANALYZER_NONNULL = YES;
				CLANG_ANALYZER_NUMBER_OBJECT_CONVERSION = YES_AGGRESSIVE;
				CLANG_CXX_LANGUAGE_STANDARD = "gnu++17";
				CLANG_CXX_LIBRARY = "libc++";
				CLANG_ENABLE_MODULES = YES;
				CLANG_ENABLE_OBJC_ARC = YES;
				CLANG_ENABLE_OBJC_WEAK = YES;
				CLANG_WARN_BLOCK_CAPTURE_AUTORELEASING = YES;
				CLANG_WARN_BOOL_CONVERSION = YES;
				CLANG_WARN_COMMA = YES;
				CLANG_WARN_CONSTANT_CONVERSION = YES;
				CLANG_WARN_DEPRECATED_OBJC_IMPLEMENTATIONS = YES;
				CLANG_WARN_DIRECT_OBJC_ISA_USAGE = YES_ERROR;
				CLANG_WARN_DOCUMENTATION_COMMENTS = YES;
				CLANG_WARN_EMPTY_BODY = YES;
				CLANG_WARN_ENUM_CONVERSION = YES;
				CLANG_WARN_INFINITE_RECURSION = YES;
				CLANG_WARN_INT_CONVERSION = YES;
				CLANG_WARN_NON_LITERAL_NULL_CONVERSION = YES;
				CLANG_WARN_OBJC_IMPLICIT_RETAIN_SELF = YES;
				CLANG_WARN_OBJC_LITERAL_CONVERSION = YES;
				CLANG_WARN_OBJC_ROOT_CLASS = YES_ERROR;
				CLANG_WARN_QUOTED_INCLUDE_IN_FRAMEWORK_HEADER = YES;
				CLANG_WARN_RANGE_LOOP_ANALYSIS = YES;
				CLANG_WARN_STRICT_PROTOTYPES = YES;
				CLANG_WARN_SUSPICIOUS_MOVE = YES;
				CLANG_WARN_UNGUARDED_AVAILABILITY = YES_AGGRESSIVE;
				CLANG_WARN_UNREACHABLE_CODE = YES;
				CLANG_WARN__DUPLICATE_METHOD_MATCH = YES;
				COPY_PHASE_STRIP = NO;
				DEBUG_INFORMATION_FORMAT = "dwarf-with-dsym";
				ENABLE_NS_ASSERTIONS = NO;
				ENABLE_STRICT_OBJC_MSGSEND = YES;
				GCC_C_LANGUAGE_STANDARD = gnu11;
				GCC_NO_COMMON_BLOCKS = YES;
				GCC_WARN_64_TO_32_BIT_CONVERSION = YES;
				GCC_WARN_ABOUT_RETURN_TYPE = YES_ERROR;
				GCC_WARN_UNDECLARED_SELECTOR = YES;
				GCC_WARN_UNINITIALIZED_AUTOS = YES_AGGRESSIVE;
				GCC_WARN_UNUSED_FUNCTION = YES;
				GCC_WARN_UNUSED_VARIABLE = YES;
				IPHONEOS_DEPLOYMENT_TARGET = 15.0;
				MTL_ENABLE_DEBUG_INFO = NO;
				MTL_FAST_MATH = YES;
				SDKROOT = iphoneos;
				SWIFT_COMPILATION_MODE = wholemodule;
				SWIFT_OPTIMIZATION_LEVEL = "-O";
				VALIDATE_PRODUCT = YES;
			};
			name = Release;
		};
		E4D476DD283FBC7100F2229D /* Debug */ = {
			isa = XCBuildConfiguration;
			buildSettings = {
				ASSETCATALOG_COMPILER_APPICON_NAME = AppIcon;
				ASSETCATALOG_COMPILER_GLOBAL_ACCENT_COLOR_NAME = AccentColor;
				CODE_SIGN_STYLE = Automatic;
				CURRENT_PROJECT_VERSION = 1;
				DEVELOPMENT_ASSET_PATHS = "\"SpaceX-Demo/Preview Content\"";
				DEVELOPMENT_TEAM = M87B34Q5JM;
				ENABLE_PREVIEWS = YES;
				GENERATE_INFOPLIST_FILE = YES;
				INFOPLIST_KEY_UIApplicationSceneManifest_Generation = YES;
				INFOPLIST_KEY_UIApplicationSupportsIndirectInputEvents = YES;
				INFOPLIST_KEY_UILaunchScreen_Generation = YES;
				INFOPLIST_KEY_UISupportedInterfaceOrientations_iPad = "UIInterfaceOrientationPortrait UIInterfaceOrientationPortraitUpsideDown UIInterfaceOrientationLandscapeLeft UIInterfaceOrientationLandscapeRight";
				INFOPLIST_KEY_UISupportedInterfaceOrientations_iPhone = "UIInterfaceOrientationPortrait UIInterfaceOrientationLandscapeLeft UIInterfaceOrientationLandscapeRight";
				IPHONEOS_DEPLOYMENT_TARGET = 14.0;
				LD_RUNPATH_SEARCH_PATHS = (
					"$(inherited)",
					"@executable_path/Frameworks",
				);
				MARKETING_VERSION = 1.0;
				PRODUCT_BUNDLE_IDENTIFIER = "io.hlubina.SpaceX-Demo";
				PRODUCT_NAME = "$(TARGET_NAME)";
				SWIFT_EMIT_LOC_STRINGS = YES;
				SWIFT_VERSION = 5.0;
				TARGETED_DEVICE_FAMILY = "1,2";
			};
			name = Debug;
		};
		E4D476DE283FBC7100F2229D /* Release */ = {
			isa = XCBuildConfiguration;
			buildSettings = {
				ASSETCATALOG_COMPILER_APPICON_NAME = AppIcon;
				ASSETCATALOG_COMPILER_GLOBAL_ACCENT_COLOR_NAME = AccentColor;
				CODE_SIGN_STYLE = Automatic;
				CURRENT_PROJECT_VERSION = 1;
				DEVELOPMENT_ASSET_PATHS = "\"SpaceX-Demo/Preview Content\"";
				DEVELOPMENT_TEAM = M87B34Q5JM;
				ENABLE_PREVIEWS = YES;
				GENERATE_INFOPLIST_FILE = YES;
				INFOPLIST_KEY_UIApplicationSceneManifest_Generation = YES;
				INFOPLIST_KEY_UIApplicationSupportsIndirectInputEvents = YES;
				INFOPLIST_KEY_UILaunchScreen_Generation = YES;
				INFOPLIST_KEY_UISupportedInterfaceOrientations_iPad = "UIInterfaceOrientationPortrait UIInterfaceOrientationPortraitUpsideDown UIInterfaceOrientationLandscapeLeft UIInterfaceOrientationLandscapeRight";
				INFOPLIST_KEY_UISupportedInterfaceOrientations_iPhone = "UIInterfaceOrientationPortrait UIInterfaceOrientationLandscapeLeft UIInterfaceOrientationLandscapeRight";
				IPHONEOS_DEPLOYMENT_TARGET = 14.0;
				LD_RUNPATH_SEARCH_PATHS = (
					"$(inherited)",
					"@executable_path/Frameworks",
				);
				MARKETING_VERSION = 1.0;
				PRODUCT_BUNDLE_IDENTIFIER = "io.hlubina.SpaceX-Demo";
				PRODUCT_NAME = "$(TARGET_NAME)";
				SWIFT_EMIT_LOC_STRINGS = YES;
				SWIFT_VERSION = 5.0;
				TARGETED_DEVICE_FAMILY = "1,2";
			};
			name = Release;
		};
/* End XCBuildConfiguration section */

/* Begin XCConfigurationList section */
		E4D476C9283FBC7000F2229D /* Build configuration list for PBXProject "SpaceX-Demo" */ = {
			isa = XCConfigurationList;
			buildConfigurations = (
				E4D476DA283FBC7100F2229D /* Debug */,
				E4D476DB283FBC7100F2229D /* Release */,
			);
			defaultConfigurationIsVisible = 0;
			defaultConfigurationName = Release;
		};
		E4D476DC283FBC7100F2229D /* Build configuration list for PBXNativeTarget "SpaceX-Demo" */ = {
			isa = XCConfigurationList;
			buildConfigurations = (
				E4D476DD283FBC7100F2229D /* Debug */,
				E4D476DE283FBC7100F2229D /* Release */,
			);
			defaultConfigurationIsVisible = 0;
			defaultConfigurationName = Release;
		};
/* End XCConfigurationList section */
	};
	rootObject = E4D476C6283FBC7000F2229D /* Project object */;
}
